{
  "name": "rbac-ui",
  "version": "1.0.0",
  "lockfileVersion": 3,
  "requires": true,
  "packages": {
    "": {
      "name": "rbac-ui",
      "version": "1.0.0",
      "dependencies": {
        "react": "^18.2.0",
        "react-dom": "^18.2.0",
        "react-router-dom": "^6.14.0",
        "react-scripts": "5.0.1"
      }
    },
    "node_modules/react": {
      "version": "18.2.0",
      "resolved": "https://registry.npmjs.org/react/-/react-18.2.0.tgz",
      "integrity": "sha512-/3IjMFS17iQvOv2c6cQ51JB9mdE93DjmoM5Q/q8MHnAFklV9ClZOY8J3PP4vTTTxMoXBbLA7u5EKh+w3BHZjIQ=="
    },
    "node_modules/react-dom": {
      "version": "18.2.0",
      "resolved": "https://registry.npmjs.org/react-dom/-/react-dom-18.2.0.tgz",
      "integrity": "sha512-LhxU3KKcAHDSMIeaFw0RWRqusfdy1lPt9MWJyr2xs0E0ytRtXZgC+93/R5S6rwQ8g5KXZ8B3OpAoZjDR/Ou3lA==",
      "dependencies": {
        "react": "^18.2.0"
      }
    },
    "node_modules/react-router-dom": {
      "version": "6.14.0",
      "resolved": "https://registry.npmjs.org/react-router-dom/-/react-router-dom-6.14.0.tgz",
      "integrity": "sha512-OlHTLPVgEjhhC8GyYyCXIEcXo4LhHg0O35dNSf3r+4RDZCItO9Th8Y91UlEhOXfpZCNSy/wfnFp5rhBBZz+ZHg==",
      "dependencies": {
        "react": "^18.2.0",
        "react-router": "6.14.0"
      }
    },
    "node_modules/react-scripts": {
      "version": "5.0.1",
      "resolved": "https://registry.npmjs.org/react-scripts/-/react-scripts-5.0.1.tgz",
      "integrity": "sha512-UGcOIoNTtIlV+GQXOXXa8r7VkghJaXH5ghXBuP5sADP7O0nXTMReAayR+zDunN8AzHT6GhIgT41hRBrqE3y+Jw=="
    }
  }
}
